{
  "pins" : [
    {
      "identity" : "swift-crypto",
      "kind" : "remoteSourceControl",
      "location" : "https://github.com/apple/swift-crypto",
      "state" : {
        "revision" : "80a6e3edc1fc3a4c6c7d4177c73fa3f74c72d3e1",
        "version" : "2.3.0"
      }
    }
  ],
  "version" : 2
}
