{
  "object": {
    "pins": [
      {
        "package": "JWTDecode",
        "repositoryURL": "https://github.com/AndrewBarba/jwtdecode-swift.git",
        "state": {
          "branch": "main",
          "revision": "87213630e8f7f129610795ecfdb2a4756e5b49c3",
          "version": null
        }
      }
    ]
  },
  "version": 1
}
